
Microsoft Visual Studio Solution File, Format Version 12.00
# Visual Studio Version 17
VisualStudioVersion = 17.9.34728.123
MinimumVisualStudioVersion = 10.0.40219.1
Project("{9A19103F-16F7-4668-BE54-9A1E7A4F7556}") = "Domain", "Domain\Domain.csproj", "{5072B036-C655-4520-887C-779A47B678D1}"
EndProject
Project("{9A19103F-16F7-4668-BE54-9A1E7A4F7556}") = "Application", "Application\Application.csproj", "{72E28B51-6BAE-40A9-AC08-71836CF59F98}"
EndProject
Project("{9A19103F-16F7-4668-BE54-9A1E7A4F7556}") = "Infrastructure", "Infrastructure\Infrastructure.csproj", "{DAD17269-4204-4A18-B1DD-C068A1A1E61B}"
EndProject
Project("{FAE04EC0-301F-11D3-BF4B-00C04F79EFBC}") = "Presentation", "Presentation\Presentation.csproj", "{98F17985-739B-4FD2-B4B4-A7B0BD3D524E}"
EndProject
Global
	GlobalSection(SolutionConfigurationPlatforms) = preSolution
		Debug|Any CPU = Debug|Any CPU
		Release|Any CPU = Release|Any CPU
	EndGlobalSection
	GlobalSection(ProjectConfigurationPlatforms) = postSolution
		{5072B036-C655-4520-887C-779A47B678D1}.Debug|Any CPU.ActiveCfg = Debug|Any CPU
		{5072B036-C655-4520-887C-779A47B678D1}.Debug|Any CPU.Build.0 = Debug|Any CPU
		{5072B036-C655-4520-887C-779A47B678D1}.Release|Any CPU.ActiveCfg = Release|Any CPU
		{5072B036-C655-4520-887C-779A47B678D1}.Release|Any CPU.Build.0 = Release|Any CPU
		{72E28B51-6BAE-40A9-AC08-71836CF59F98}.Debug|Any CPU.ActiveCfg = Debug|Any CPU
		{72E28B51-6BAE-40A9-AC08-71836CF59F98}.Debug|Any CPU.Build.0 = Debug|Any CPU
		{72E28B51-6BAE-40A9-AC08-71836CF59F98}.Release|Any CPU.ActiveCfg = Release|Any CPU
		{72E28B51-6BAE-40A9-AC08-71836CF59F98}.Release|Any CPU.Build.0 = Release|Any CPU
		{DAD17269-4204-4A18-B1DD-C068A1A1E61B}.Debug|Any CPU.ActiveCfg = Debug|Any CPU
		{DAD17269-4204-4A18-B1DD-C068A1A1E61B}.Debug|Any CPU.Build.0 = Debug|Any CPU
		{DAD17269-4204-4A18-B1DD-C068A1A1E61B}.Release|Any CPU.ActiveCfg = Release|Any CPU
		{DAD17269-4204-4A18-B1DD-C068A1A1E61B}.Release|Any CPU.Build.0 = Release|Any CPU
		{98F17985-739B-4FD2-B4B4-A7B0BD3D524E}.Debug|Any CPU.ActiveCfg = Debug|Any CPU
		{98F17985-739B-4FD2-B4B4-A7B0BD3D524E}.Debug|Any CPU.Build.0 = Debug|Any CPU
		{98F17985-739B-4FD2-B4B4-A7B0BD3D524E}.Release|Any CPU.ActiveCfg = Release|Any CPU
		{98F17985-739B-4FD2-B4B4-A7B0BD3D524E}.Release|Any CPU.Build.0 = Release|Any CPU
	EndGlobalSection
	GlobalSection(SolutionProperties) = preSolution
		HideSolutionNode = FALSE
	EndGlobalSection
	GlobalSection(ExtensibilityGlobals) = postSolution
		SolutionGuid = {CEBB17B4-FFCF-4228-9C66-D8E56D563422}
	EndGlobalSection
EndGlobal
